{
    "_readme": [
        "This file locks the dependencies of your project to a known state",
        "Read more about it at https://getcomposer.org/doc/01-basic-usage.md#installing-dependencies",
        "This file is @generated automatically"
    ],
    "content-hash": "47f0b997d01bae52798816c8cf8730bf",
    "packages": [
        {
            "name": "dof-dss/maestro-core",
            "version": "0.0.8",
            "source": {
                "type": "git",
                "url": "https://github.com/dof-dss/maestro-core.git",
                "reference": "781058cae2beaca8752b992a08ae92790dd1ce70"
            },
            "dist": {
                "type": "zip",
                "url": "https://api.github.com/repos/dof-dss/maestro-core/zipball/781058cae2beaca8752b992a08ae92790dd1ce70",
                "reference": "781058cae2beaca8752b992a08ae92790dd1ce70",
                "shasum": ""
            },
            "type": "library",
            "autoload": {
                "psr-4": {
                    "Maestro\\Core\\": "src"
                }
            },
            "notification-url": "https://packagist.org/downloads/",
            "license": [
                "MIT"
            ],
            "authors": [
                {
                    "name": "OMAHM",
                    "email": "hello@onemanandhismouse.com"
                }
            ],
            "description": "Maestro core composition project",
            "support": {
                "issues": "https://github.com/dof-dss/maestro-core/issues",
                "source": "https://github.com/dof-dss/maestro-core/tree/0.0.8"
            },
            "time": "2022-09-27T08:39:09+00:00"
        }
    ],
    "packages-dev": [],
    "aliases": [],
    "minimum-stability": "stable",
    "stability-flags": [],
    "prefer-stable": false,
    "prefer-lowest": false,
    "platform": [],
    "platform-dev": [],
    "plugin-api-version": "2.3.0"
}
