{
    "_readme": [
        "This file locks the dependencies of your project to a known state",
        "Read more about it at https://getcomposer.org/doc/01-basic-usage.md#installing-dependencies",
        "This file is @generated automatically"
    ],
    "content-hash": "05634546421b9375010deb7a24223160",
    "packages": [
        {
            "name": "dof-dss/maestro-core",
            "version": "1.0.1",
            "source": {
                "type": "git",
                "url": "https://github.com/dof-dss/maestro-core.git",
                "reference": "df3ed392519a151dc87073ce68939b1a7d41ce05"
            },
            "dist": {
                "type": "zip",
                "url": "https://api.github.com/repos/dof-dss/maestro-core/zipball/df3ed392519a151dc87073ce68939b1a7d41ce05",
                "reference": "df3ed392519a151dc87073ce68939b1a7d41ce05",
                "shasum": ""
            },
            "type": "library",
            "autoload": {
                "psr-4": {
                    "Maestro\\Core\\": "src"
                }
            },
            "notification-url": "https://packagist.org/downloads/",
            "license": [
                "MIT"
            ],
            "authors": [
                {
                    "name": "OMAHM",
                    "email": "hello@onemanandhismouse.com"
                }
            ],
            "description": "Maestro core composition project",
            "support": {
                "issues": "https://github.com/dof-dss/maestro-core/issues",
                "source": "https://github.com/dof-dss/maestro-core/tree/1.0.1"
            },
            "time": "2022-12-16T14:29:11+00:00"
        }
    ],
    "packages-dev": [],
    "aliases": [],
    "minimum-stability": "stable",
    "stability-flags": [],
    "prefer-stable": false,
    "prefer-lowest": false,
    "platform": [],
    "platform-dev": [],
    "plugin-api-version": "2.3.0"
}
